
Microsoft Visual Studio Solution File, Format Version 12.00
# Visual Studio Version 17
VisualStudioVersion = 17.0.31903.59
MinimumVisualStudioVersion = 10.0.40219.1
Project("{2150E333-8FDC-42A3-9474-1A3956D46DE8}") = "src", "src", "{E15691D5-38BB-4F5D-84EE-B4A3FA9A5FB6}"
EndProject
Project("{2150E333-8FDC-42A3-9474-1A3956D46DE8}") = "Services", "Services", "{768C4126-EB88-430A-A80E-1AA264B9F6DE}"
EndProject
Project("{2150E333-8FDC-42A3-9474-1A3956D46DE8}") = "Web", "Web", "{2A47F098-6087-4C87-AE10-1E2E3B16821C}"
EndProject
Project("{2150E333-8FDC-42A3-9474-1A3956D46DE8}") = "BuildingBlocks", "BuildingBlocks", "{4EBD81F2-A858-4707-A260-2D6E5BD1978F}"
EndProject
Project("{2150E333-8FDC-42A3-9474-1A3956D46DE8}") = "Identidade", "Identidade", "{FC5575B1-35E8-4A9B-ACD7-E56625E0CC88}"
EndProject
Project("{2150E333-8FDC-42A3-9474-1A3956D46DE8}") = "MVC", "MVC", "{1DCAA187-42AB-4962-9803-D4DBA9ECC626}"
EndProject
Project("{9A19103F-16F7-4668-BE54-9A1E7A4F7556}") = "NSE.WebApp.MVC", "src\web\NSE.WebApp.MVC\NSE.WebApp.MVC.csproj", "{956CF007-713B-40A7-8583-923E6FDCC310}"
EndProject
Project("{2150E333-8FDC-42A3-9474-1A3956D46DE8}") = "Core", "Core", "{8978AF51-95B6-488B-A571-6BBB8B9D5959}"
EndProject
Project("{9A19103F-16F7-4668-BE54-9A1E7A4F7556}") = "NSE.Core", "src\buildingBlocks\NSE.Core\NSE.Core.csproj", "{21F989A5-316E-4195-9227-493359B4CE8A}"
EndProject
Project("{2150E333-8FDC-42A3-9474-1A3956D46DE8}") = "Carrinho", "Carrinho", "{12E82C92-8F3B-424B-A2D2-AF6313A7E449}"
EndProject
Project("{9A19103F-16F7-4668-BE54-9A1E7A4F7556}") = "NSE.Carrinho.API", "src\services\NSE.Carrinho.API\NSE.Carrinho.API.csproj", "{C3F99C43-876E-4F28-89F1-351073B36D50}"
EndProject
Project("{FAE04EC0-301F-11D3-BF4B-00C04F79EFBC}") = "NSE.Identidade.API", "src\services\NSE.Identidade.API\NSE.Identidade.API.csproj", "{BCBABDF7-F873-43F6-8E40-4CC4CCC58AD4}"
EndProject
Project("{2150E333-8FDC-42A3-9474-1A3956D46DE8}") = "Catalogo", "Catalogo", "{5D38F182-1E6B-41A3-8C7F-36968B83D74A}"
EndProject
Project("{FAE04EC0-301F-11D3-BF4B-00C04F79EFBC}") = "NES.Catalogo.API", "src\services\NES.Catalogo.API\NES.Catalogo.API.csproj", "{64DF9D52-B483-43D6-8345-DB10C259DDB2}"
EndProject
Project("{2150E333-8FDC-42A3-9474-1A3956D46DE8}") = "Cliente", "Cliente", "{673DDA55-7AE3-4307-97E0-1D10E78EBBCB}"
EndProject
Project("{FAE04EC0-301F-11D3-BF4B-00C04F79EFBC}") = "NES.Cliente.API", "src\services\NES.Cliente.API\NES.Cliente.API.csproj", "{3E5C0D23-C6AB-4A17-B04A-FCFCC54DEF26}"
EndProject
Project("{2150E333-8FDC-42A3-9474-1A3956D46DE8}") = "Pagamento", "Pagamento", "{FA85F636-3D06-476C-86A2-E3A56D8227BC}"
EndProject
Project("{FAE04EC0-301F-11D3-BF4B-00C04F79EFBC}") = "NES.Pagamento.API", "src\services\NES.Pagamento.API\NES.Pagamento.API.csproj", "{C5E72604-AF36-45B1-8AEF-28868B166B1B}"
EndProject
Project("{2150E333-8FDC-42A3-9474-1A3956D46DE8}") = "Pedido", "Pedido", "{2B265431-DEA0-40EC-B28B-1EFDC8A1D199}"
EndProject
Project("{FAE04EC0-301F-11D3-BF4B-00C04F79EFBC}") = "NSE.Pedido.API", "src\services\NSE.Pedido.API\NSE.Pedido.API.csproj", "{2F72660F-D27B-4469-ABBD-E8D0959D50DA}"
EndProject
Global
	GlobalSection(SolutionConfigurationPlatforms) = preSolution
		Debug|Any CPU = Debug|Any CPU
		Release|Any CPU = Release|Any CPU
	EndGlobalSection
	GlobalSection(ProjectConfigurationPlatforms) = postSolution
		{956CF007-713B-40A7-8583-923E6FDCC310}.Debug|Any CPU.ActiveCfg = Debug|Any CPU
		{956CF007-713B-40A7-8583-923E6FDCC310}.Debug|Any CPU.Build.0 = Debug|Any CPU
		{956CF007-713B-40A7-8583-923E6FDCC310}.Release|Any CPU.ActiveCfg = Release|Any CPU
		{956CF007-713B-40A7-8583-923E6FDCC310}.Release|Any CPU.Build.0 = Release|Any CPU
		{21F989A5-316E-4195-9227-493359B4CE8A}.Debug|Any CPU.ActiveCfg = Debug|Any CPU
		{21F989A5-316E-4195-9227-493359B4CE8A}.Debug|Any CPU.Build.0 = Debug|Any CPU
		{21F989A5-316E-4195-9227-493359B4CE8A}.Release|Any CPU.ActiveCfg = Release|Any CPU
		{21F989A5-316E-4195-9227-493359B4CE8A}.Release|Any CPU.Build.0 = Release|Any CPU
		{C3F99C43-876E-4F28-89F1-351073B36D50}.Debug|Any CPU.ActiveCfg = Debug|Any CPU
		{C3F99C43-876E-4F28-89F1-351073B36D50}.Debug|Any CPU.Build.0 = Debug|Any CPU
		{C3F99C43-876E-4F28-89F1-351073B36D50}.Release|Any CPU.ActiveCfg = Release|Any CPU
		{C3F99C43-876E-4F28-89F1-351073B36D50}.Release|Any CPU.Build.0 = Release|Any CPU
		{BCBABDF7-F873-43F6-8E40-4CC4CCC58AD4}.Debug|Any CPU.ActiveCfg = Debug|Any CPU
		{BCBABDF7-F873-43F6-8E40-4CC4CCC58AD4}.Debug|Any CPU.Build.0 = Debug|Any CPU
		{BCBABDF7-F873-43F6-8E40-4CC4CCC58AD4}.Release|Any CPU.ActiveCfg = Release|Any CPU
		{BCBABDF7-F873-43F6-8E40-4CC4CCC58AD4}.Release|Any CPU.Build.0 = Release|Any CPU
		{64DF9D52-B483-43D6-8345-DB10C259DDB2}.Debug|Any CPU.ActiveCfg = Debug|Any CPU
		{64DF9D52-B483-43D6-8345-DB10C259DDB2}.Debug|Any CPU.Build.0 = Debug|Any CPU
		{64DF9D52-B483-43D6-8345-DB10C259DDB2}.Release|Any CPU.ActiveCfg = Release|Any CPU
		{64DF9D52-B483-43D6-8345-DB10C259DDB2}.Release|Any CPU.Build.0 = Release|Any CPU
		{3E5C0D23-C6AB-4A17-B04A-FCFCC54DEF26}.Debug|Any CPU.ActiveCfg = Debug|Any CPU
		{3E5C0D23-C6AB-4A17-B04A-FCFCC54DEF26}.Debug|Any CPU.Build.0 = Debug|Any CPU
		{3E5C0D23-C6AB-4A17-B04A-FCFCC54DEF26}.Release|Any CPU.ActiveCfg = Release|Any CPU
		{3E5C0D23-C6AB-4A17-B04A-FCFCC54DEF26}.Release|Any CPU.Build.0 = Release|Any CPU
		{C5E72604-AF36-45B1-8AEF-28868B166B1B}.Debug|Any CPU.ActiveCfg = Debug|Any CPU
		{C5E72604-AF36-45B1-8AEF-28868B166B1B}.Debug|Any CPU.Build.0 = Debug|Any CPU
		{C5E72604-AF36-45B1-8AEF-28868B166B1B}.Release|Any CPU.ActiveCfg = Release|Any CPU
		{C5E72604-AF36-45B1-8AEF-28868B166B1B}.Release|Any CPU.Build.0 = Release|Any CPU
		{2F72660F-D27B-4469-ABBD-E8D0959D50DA}.Debug|Any CPU.ActiveCfg = Debug|Any CPU
		{2F72660F-D27B-4469-ABBD-E8D0959D50DA}.Debug|Any CPU.Build.0 = Debug|Any CPU
		{2F72660F-D27B-4469-ABBD-E8D0959D50DA}.Release|Any CPU.ActiveCfg = Release|Any CPU
		{2F72660F-D27B-4469-ABBD-E8D0959D50DA}.Release|Any CPU.Build.0 = Release|Any CPU
	EndGlobalSection
	GlobalSection(SolutionProperties) = preSolution
		HideSolutionNode = FALSE
	EndGlobalSection
	GlobalSection(NestedProjects) = preSolution
		{768C4126-EB88-430A-A80E-1AA264B9F6DE} = {E15691D5-38BB-4F5D-84EE-B4A3FA9A5FB6}
		{2A47F098-6087-4C87-AE10-1E2E3B16821C} = {E15691D5-38BB-4F5D-84EE-B4A3FA9A5FB6}
		{4EBD81F2-A858-4707-A260-2D6E5BD1978F} = {E15691D5-38BB-4F5D-84EE-B4A3FA9A5FB6}
		{FC5575B1-35E8-4A9B-ACD7-E56625E0CC88} = {768C4126-EB88-430A-A80E-1AA264B9F6DE}
		{1DCAA187-42AB-4962-9803-D4DBA9ECC626} = {2A47F098-6087-4C87-AE10-1E2E3B16821C}
		{956CF007-713B-40A7-8583-923E6FDCC310} = {1DCAA187-42AB-4962-9803-D4DBA9ECC626}
		{8978AF51-95B6-488B-A571-6BBB8B9D5959} = {4EBD81F2-A858-4707-A260-2D6E5BD1978F}
		{21F989A5-316E-4195-9227-493359B4CE8A} = {8978AF51-95B6-488B-A571-6BBB8B9D5959}
		{12E82C92-8F3B-424B-A2D2-AF6313A7E449} = {768C4126-EB88-430A-A80E-1AA264B9F6DE}
		{C3F99C43-876E-4F28-89F1-351073B36D50} = {12E82C92-8F3B-424B-A2D2-AF6313A7E449}
		{BCBABDF7-F873-43F6-8E40-4CC4CCC58AD4} = {FC5575B1-35E8-4A9B-ACD7-E56625E0CC88}
		{5D38F182-1E6B-41A3-8C7F-36968B83D74A} = {768C4126-EB88-430A-A80E-1AA264B9F6DE}
		{64DF9D52-B483-43D6-8345-DB10C259DDB2} = {5D38F182-1E6B-41A3-8C7F-36968B83D74A}
		{673DDA55-7AE3-4307-97E0-1D10E78EBBCB} = {768C4126-EB88-430A-A80E-1AA264B9F6DE}
		{3E5C0D23-C6AB-4A17-B04A-FCFCC54DEF26} = {673DDA55-7AE3-4307-97E0-1D10E78EBBCB}
		{FA85F636-3D06-476C-86A2-E3A56D8227BC} = {768C4126-EB88-430A-A80E-1AA264B9F6DE}
		{C5E72604-AF36-45B1-8AEF-28868B166B1B} = {FA85F636-3D06-476C-86A2-E3A56D8227BC}
		{2B265431-DEA0-40EC-B28B-1EFDC8A1D199} = {768C4126-EB88-430A-A80E-1AA264B9F6DE}
		{2F72660F-D27B-4469-ABBD-E8D0959D50DA} = {2B265431-DEA0-40EC-B28B-1EFDC8A1D199}
	EndGlobalSection
	GlobalSection(ExtensibilityGlobals) = postSolution
		SolutionGuid = {CF36C1BC-7B59-4E89-98AC-C9C765B7E77A}
	EndGlobalSection
EndGlobal
